{
  "name": "ampcs-plugin",
  "version": "1.0.0",
  "lockfileVersion": 3,
  "requires": true,
  "packages": {
    "": {
      "name": "ampcs-plugin",
      "version": "1.0.0",
      "license": "ISC",
      "dependencies": {
        "@nasa-jpl/aerie-ampcs": "^1.0.6"
      },
      "devDependencies": {
        "typescript": "^5.5.4"
      }
    },
    "node_modules/@nasa-jpl/aerie-ampcs": {
      "version": "1.0.6",
      "resolved": "https://registry.npmjs.org/@nasa-jpl/aerie-ampcs/-/aerie-ampcs-1.0.6.tgz",
      "integrity": "sha512-PrtN/nykwbORPUFv096+u+GXH4Wnl+k1n7E1JFfNSfy7wou5QnWtPeGIYUXBrTGETffG2vv7oC1AgU0Tiswt5A==",
      "dependencies": {
        "xml-js": "^1.6.11"
      }
    },
    "node_modules/sax": {
      "version": "1.4.1",
      "resolved": "https://registry.npmjs.org/sax/-/sax-1.4.1.tgz",
      "integrity": "sha512-+aWOz7yVScEGoKNd4PA10LZ8sk0A/z5+nXQG5giUO5rprX9jgYsTdov9qCchZiPIZezbZH+jRut8nPodFAX4Jg=="
    },
    "node_modules/typescript": {
      "version": "5.5.4",
      "resolved": "https://registry.npmjs.org/typescript/-/typescript-5.5.4.tgz",
      "integrity": "sha512-Mtq29sKDAEYP7aljRgtPOpTvOfbwRWlS6dPRzwjdE+C0R4brX/GUyhHSecbHMFLNBLcJIPt9nl9yG5TZ1weH+Q==",
      "dev": true,
      "bin": {
        "tsc": "bin/tsc",
        "tsserver": "bin/tsserver"
      },
      "engines": {
        "node": ">=14.17"
      }
    },
    "node_modules/xml-js": {
      "version": "1.6.11",
      "resolved": "https://registry.npmjs.org/xml-js/-/xml-js-1.6.11.tgz",
      "integrity": "sha512-7rVi2KMfwfWFl+GpPg6m80IVMWXLRjO+PxTq7V2CDhoGak0wzYzFgUY2m4XJ47OGdXd8eLE8EmwfAmdjw7lC1g==",
      "dependencies": {
        "sax": "^1.2.4"
      },
      "bin": {
        "xml-js": "bin/cli.js"
      }
    }
  }
}
